
Microsoft Visual Studio Solution File, Format Version 12.00
# Visual Studio Version 17
VisualStudioVersion = 17.5.33516.290
MinimumVisualStudioVersion = 10.0.40219.1
Project("{FAE04EC0-301F-11D3-BF4B-00C04F79EFBC}") = "FluentTest.WebApi", "FluentTest.WebApi\FluentTest.WebApi.csproj", "{09DE9CD6-4059-4A8E-BB38-A22DD1C3AA70}"
EndProject
Project("{FAE04EC0-301F-11D3-BF4B-00C04F79EFBC}") = "FluentTest.WebExtension", "FluentTest.WebExtension\FluentTest.WebExtension.csproj", "{7EB72796-AE34-440E-B682-5A1058BFC60C}"
EndProject
Global
	GlobalSection(SolutionConfigurationPlatforms) = preSolution
		Debug|Any CPU = Debug|Any CPU
		Release|Any CPU = Release|Any CPU
	EndGlobalSection
	GlobalSection(ProjectConfigurationPlatforms) = postSolution
		{09DE9CD6-4059-4A8E-BB38-A22DD1C3AA70}.Debug|Any CPU.ActiveCfg = Debug|Any CPU
		{09DE9CD6-4059-4A8E-BB38-A22DD1C3AA70}.Debug|Any CPU.Build.0 = Debug|Any CPU
		{09DE9CD6-4059-4A8E-BB38-A22DD1C3AA70}.Release|Any CPU.ActiveCfg = Release|Any CPU
		{09DE9CD6-4059-4A8E-BB38-A22DD1C3AA70}.Release|Any CPU.Build.0 = Release|Any CPU
		{7EB72796-AE34-440E-B682-5A1058BFC60C}.Debug|Any CPU.ActiveCfg = Debug|Any CPU
		{7EB72796-AE34-440E-B682-5A1058BFC60C}.Debug|Any CPU.Build.0 = Debug|Any CPU
		{7EB72796-AE34-440E-B682-5A1058BFC60C}.Release|Any CPU.ActiveCfg = Release|Any CPU
		{7EB72796-AE34-440E-B682-5A1058BFC60C}.Release|Any CPU.Build.0 = Release|Any CPU
	EndGlobalSection
	GlobalSection(SolutionProperties) = preSolution
		HideSolutionNode = FALSE
	EndGlobalSection
	GlobalSection(ExtensibilityGlobals) = postSolution
		SolutionGuid = {678E578A-2DAD-4294-9C92-B4F05B0370D0}
	EndGlobalSection
EndGlobal
